PODS:
  - Base64 (1.1.2)
  - JWT (3.0.0-beta.14):
    - Base64 (~> 1.1.2)
  - SealdSdk (0.0.1-local)
  - SwiftLint (0.54.0)

DEPENDENCIES:
  - Base64
  - JWT (= 3.0.0-beta.14)
  - SealdSdk (from `../`)
  - SwiftLint

SPEC REPOS:
  trunk:
    - Base64
    - JWT
    - SwiftLint

EXTERNAL SOURCES:
  SealdSdk:
    :path: "../"

SPEC CHECKSUMS:
  Base64: cecfb41a004124895a7bcee567a89bae5a89d49b
  JWT: ef71dfb03e1f842081e64dc42eef0e164f35d251
  SealdSdk: 5101d18f5eac808c677211eef4f2bef32297987d
  SwiftLint: c1de071d9d08c8aba837545f6254315bc900e211

PODFILE CHECKSUM: 48bef150052713c6bc5eedfc90d3e28aaf1f79e5

COCOAPODS: 1.15.2
